// !$*UTF8*$!
{
	archiveVersion = 1;
	classes = {
	};
	objectVersion = 50;
	objects = {

/* Begin PBXBuildFile section */
		F0047A6F22A95C60004133EC /* coursesModelData.json in Resources */ = {isa = PBXBuildFile; fileRef = F0047A6E22A95C60004133EC /* coursesModelData.json */; };
		F072A5F422A9D539004C20E6 /* WebinarRow.swift in Sources */ = {isa = PBXBuildFile; fileRef = F072A5F322A9D539004C20E6 /* WebinarRow.swift */; };
		F072A5F622A9D7EF004C20E6 /* WebinarItem.swift in Sources */ = {isa = PBXBuildFile; fileRef = F072A5F522A9D7EF004C20E6 /* WebinarItem.swift */; };
		F0A7958F22A8293E00E204DA /* AppDelegate.swift in Sources */ = {isa = PBXBuildFile; fileRef = F0A7958E22A8293E00E204DA /* AppDelegate.swift */; };
		F0A7959122A8293E00E204DA /* SceneDelegate.swift in Sources */ = {isa = PBXBuildFile; fileRef = F0A7959022A8293E00E204DA /* SceneDelegate.swift */; };
		F0A7959322A8293E00E204DA /* CategoryHome.swift in Sources */ = {isa = PBXBuildFile; fileRef = F0A7959222A8293E00E204DA /* CategoryHome.swift */; };
		F0A7959522A8293F00E204DA /* Assets.xcassets in Resources */ = {isa = PBXBuildFile; fileRef = F0A7959422A8293F00E204DA /* Assets.xcassets */; };
		F0A7959822A8293F00E204DA /* Preview Assets.xcassets in Resources */ = {isa = PBXBuildFile; fileRef = F0A7959722A8293F00E204DA /* Preview Assets.xcassets */; };
		F0A7959B22A8293F00E204DA /* LaunchScreen.storyboard in Resources */ = {isa = PBXBuildFile; fileRef = F0A7959922A8293F00E204DA /* LaunchScreen.storyboard */; };
		F0A795A322A83EF500E204DA /* TopView.swift in Sources */ = {isa = PBXBuildFile; fileRef = F0A795A222A83EF500E204DA /* TopView.swift */; };
		F0A795A522A841C500E204DA /* Cell.swift in Sources */ = {isa = PBXBuildFile; fileRef = F0A795A422A841C500E204DA /* Cell.swift */; };
		F0A795A822A8432400E204DA /* Data.swift in Sources */ = {isa = PBXBuildFile; fileRef = F0A795A722A8432400E204DA /* Data.swift */; };
		F0A795BE22A8466800E204DA /* userModelData.json in Resources */ = {isa = PBXBuildFile; fileRef = F0A795B122A8466800E204DA /* userModelData.json */; };
		F0A795C522A8473100E204DA /* UserResponse.swift in Sources */ = {isa = PBXBuildFile; fileRef = F0A795C422A8473100E204DA /* UserResponse.swift */; };
		F0CEBD2222A90E610013FF56 /* CategoryRow.swift in Sources */ = {isa = PBXBuildFile; fileRef = F0CEBD2122A90E610013FF56 /* CategoryRow.swift */; };
		F0CEBD2522A9102F0013FF56 /* CategoryItem.swift in Sources */ = {isa = PBXBuildFile; fileRef = F0CEBD2422A9102F0013FF56 /* CategoryItem.swift */; };
		F0CEBD2722A912370013FF56 /* FriendsList.swift in Sources */ = {isa = PBXBuildFile; fileRef = F0CEBD2622A912370013FF56 /* FriendsList.swift */; };
		F0CEBD2C22A91F3A0013FF56 /* TopElements.swift in Sources */ = {isa = PBXBuildFile; fileRef = F0CEBD2B22A91F3A0013FF56 /* TopElements.swift */; };
/* End PBXBuildFile section */

/* Begin PBXFileReference section */
		F0047A6E22A95C60004133EC /* coursesModelData.json */ = {isa = PBXFileReference; lastKnownFileType = text.json; path = coursesModelData.json; sourceTree = "<group>"; };
		F072A5F322A9D539004C20E6 /* WebinarRow.swift */ = {isa = PBXFileReference; lastKnownFileType = sourcecode.swift; path = WebinarRow.swift; sourceTree = "<group>"; };
		F072A5F522A9D7EF004C20E6 /* WebinarItem.swift */ = {isa = PBXFileReference; lastKnownFileType = sourcecode.swift; path = WebinarItem.swift; sourceTree = "<group>"; };
		F0A7958B22A8293E00E204DA /* SwiftUIFirstDemo.app */ = {isa = PBXFileReference; explicitFileType = wrapper.application; includeInIndex = 0; path = SwiftUIFirstDemo.app; sourceTree = BUILT_PRODUCTS_DIR; };
		F0A7958E22A8293E00E204DA /* AppDelegate.swift */ = {isa = PBXFileReference; lastKnownFileType = sourcecode.swift; path = AppDelegate.swift; sourceTree = "<group>"; };
		F0A7959022A8293E00E204DA /* SceneDelegate.swift */ = {isa = PBXFileReference; lastKnownFileType = sourcecode.swift; path = SceneDelegate.swift; sourceTree = "<group>"; };
		F0A7959222A8293E00E204DA /* CategoryHome.swift */ = {isa = PBXFileReference; lastKnownFileType = sourcecode.swift; path = CategoryHome.swift; sourceTree = "<group>"; };
		F0A7959422A8293F00E204DA /* Assets.xcassets */ = {isa = PBXFileReference; lastKnownFileType = folder.assetcatalog; path = Assets.xcassets; sourceTree = "<group>"; };
		F0A7959722A8293F00E204DA /* Preview Assets.xcassets */ = {isa = PBXFileReference; lastKnownFileType = folder.assetcatalog; path = "Preview Assets.xcassets"; sourceTree = "<group>"; };
		F0A7959A22A8293F00E204DA /* Base */ = {isa = PBXFileReference; lastKnownFileType = file.storyboard; name = Base; path = Base.lproj/LaunchScreen.storyboard; sourceTree = "<group>"; };
		F0A7959C22A8293F00E204DA /* Info.plist */ = {isa = PBXFileReference; lastKnownFileType = text.plist.xml; path = Info.plist; sourceTree = "<group>"; };
		F0A795A222A83EF500E204DA /* TopView.swift */ = {isa = PBXFileReference; lastKnownFileType = sourcecode.swift; path = TopView.swift; sourceTree = "<group>"; };
		F0A795A422A841C500E204DA /* Cell.swift */ = {isa = PBXFileReference; lastKnownFileType = sourcecode.swift; path = Cell.swift; sourceTree = "<group>"; };
		F0A795A722A8432400E204DA /* Data.swift */ = {isa = PBXFileReference; lastKnownFileType = sourcecode.swift; path = Data.swift; sourceTree = "<group>"; };
		F0A795B122A8466800E204DA /* userModelData.json */ = {isa = PBXFileReference; fileEncoding = 4; lastKnownFileType = text.json; path = userModelData.json; sourceTree = "<group>"; };
		F0A795C422A8473100E204DA /* UserResponse.swift */ = {isa = PBXFileReference; lastKnownFileType = sourcecode.swift; path = UserResponse.swift; sourceTree = "<group>"; };
		F0CEBD2122A90E610013FF56 /* CategoryRow.swift */ = {isa = PBXFileReference; lastKnownFileType = sourcecode.swift; path = CategoryRow.swift; sourceTree = "<group>"; };
		F0CEBD2422A9102F0013FF56 /* CategoryItem.swift */ = {isa = PBXFileReference; lastKnownFileType = sourcecode.swift; path = CategoryItem.swift; sourceTree = "<group>"; };
		F0CEBD2622A912370013FF56 /* FriendsList.swift */ = {isa = PBXFileReference; lastKnownFileType = sourcecode.swift; path = FriendsList.swift; sourceTree = "<group>"; };
		F0CEBD2B22A91F3A0013FF56 /* TopElements.swift */ = {isa = PBXFileReference; lastKnownFileType = sourcecode.swift; path = TopElements.swift; sourceTree = "<group>"; };
/* End PBXFileReference section */

/* Begin PBXFrameworksBuildPhase section */
		F0A7958822A8293E00E204DA /* Frameworks */ = {
			isa = PBXFrameworksBuildPhase;
			buildActionMask = 2147483647;
			files = (
			);
			runOnlyForDeploymentPostprocessing = 0;
		};
/* End PBXFrameworksBuildPhase section */

/* Begin PBXGroup section */
		F000A6FF22A8E2B80053FB47 /* Models */ = {
			isa = PBXGroup;
			children = (
				F0A795A722A8432400E204DA /* Data.swift */,
				F0A795C422A8473100E204DA /* UserResponse.swift */,
			);
			path = Models;
			sourceTree = "<group>";
		};
		F0A7958222A8293E00E204DA = {
			isa = PBXGroup;
			children = (
				F0A7958D22A8293E00E204DA /* SwiftUIFirstDemo */,
				F0A7958C22A8293E00E204DA /* Products */,
			);
			sourceTree = "<group>";
		};
		F0A7958C22A8293E00E204DA /* Products */ = {
			isa = PBXGroup;
			children = (
				F0A7958B22A8293E00E204DA /* SwiftUIFirstDemo.app */,
			);
			name = Products;
			sourceTree = "<group>";
		};
		F0A7958D22A8293E00E204DA /* SwiftUIFirstDemo */ = {
			isa = PBXGroup;
			children = (
				F0A7958E22A8293E00E204DA /* AppDelegate.swift */,
				F000A6FF22A8E2B80053FB47 /* Models */,
				F0A7959022A8293E00E204DA /* SceneDelegate.swift */,
				F0CEBD2322A910210013FF56 /* HomeScreen */,
				F0CEBD2A22A91ECF0013FF56 /* Detail */,
				F0A795A622A8430C00E204DA /* Преподаватели */,
				F0A795A922A8466800E204DA /* Resources */,
				F0A7959422A8293F00E204DA /* Assets.xcassets */,
				F0A7959922A8293F00E204DA /* LaunchScreen.storyboard */,
				F0A7959C22A8293F00E204DA /* Info.plist */,
				F0A7959622A8293F00E204DA /* Preview Content */,
			);
			path = SwiftUIFirstDemo;
			sourceTree = "<group>";
		};
		F0A7959622A8293F00E204DA /* Preview Content */ = {
			isa = PBXGroup;
			children = (
				F0A7959722A8293F00E204DA /* Preview Assets.xcassets */,
			);
			path = "Preview Content";
			sourceTree = "<group>";
		};
		F0A795A622A8430C00E204DA /* Преподаватели */ = {
			isa = PBXGroup;
			children = (
				F0CEBD2622A912370013FF56 /* FriendsList.swift */,
				F0A795A422A841C500E204DA /* Cell.swift */,
				F0A795A222A83EF500E204DA /* TopView.swift */,
			);
			path = "Преподаватели";
			sourceTree = "<group>";
		};
		F0A795A922A8466800E204DA /* Resources */ = {
			isa = PBXGroup;
			children = (
				F0A795B122A8466800E204DA /* userModelData.json */,
				F0047A6E22A95C60004133EC /* coursesModelData.json */,
			);
			path = Resources;
			sourceTree = "<group>";
		};
		F0CEBD2322A910210013FF56 /* HomeScreen */ = {
			isa = PBXGroup;
			children = (
				F0A7959222A8293E00E204DA /* CategoryHome.swift */,
				F0CEBD2122A90E610013FF56 /* CategoryRow.swift */,
				F072A5F322A9D539004C20E6 /* WebinarRow.swift */,
				F0CEBD2422A9102F0013FF56 /* CategoryItem.swift */,
				F072A5F522A9D7EF004C20E6 /* WebinarItem.swift */,
			);
			path = HomeScreen;
			sourceTree = "<group>";
		};
		F0CEBD2A22A91ECF0013FF56 /* Detail */ = {
			isa = PBXGroup;
			children = (
				F0CEBD2B22A91F3A0013FF56 /* TopElements.swift */,
			);
			path = Detail;
			sourceTree = "<group>";
		};
/* End PBXGroup section */

/* Begin PBXNativeTarget section */
		F0A7958A22A8293E00E204DA /* SwiftUIFirstDemo */ = {
			isa = PBXNativeTarget;
			buildConfigurationList = F0A7959F22A8293F00E204DA /* Build configuration list for PBXNativeTarget "SwiftUIFirstDemo" */;
			buildPhases = (
				F0A7958722A8293E00E204DA /* Sources */,
				F0A7958822A8293E00E204DA /* Frameworks */,
				F0A7958922A8293E00E204DA /* Resources */,
			);
			buildRules = (
			);
			dependencies = (
			);
			name = SwiftUIFirstDemo;
			productName = SwiftUIFirstDemo;
			productReference = F0A7958B22A8293E00E204DA /* SwiftUIFirstDemo.app */;
			productType = "com.apple.product-type.application";
		};
/* End PBXNativeTarget section */

/* Begin PBXProject section */
		F0A7958322A8293E00E204DA /* Project object */ = {
			isa = PBXProject;
			attributes = {
				LastSwiftUpdateCheck = 1100;
				LastUpgradeCheck = 1100;
				ORGANIZATIONNAME = "Алексей Пархоменко";
				TargetAttributes = {
					F0A7958A22A8293E00E204DA = {
						CreatedOnToolsVersion = 11.0;
					};
				};
			};
			buildConfigurationList = F0A7958622A8293E00E204DA /* Build configuration list for PBXProject "SwiftUIFirstDemo" */;
			compatibilityVersion = "Xcode 9.3";
			developmentRegion = en;
			hasScannedForEncodings = 0;
			knownRegions = (
				en,
				Base,
			);
			mainGroup = F0A7958222A8293E00E204DA;
			productRefGroup = F0A7958C22A8293E00E204DA /* Products */;
			projectDirPath = "";
			projectRoot = "";
			targets = (
				F0A7958A22A8293E00E204DA /* SwiftUIFirstDemo */,
			);
		};
/* End PBXProject section */

/* Begin PBXResourcesBuildPhase section */
		F0A7958922A8293E00E204DA /* Resources */ = {
			isa = PBXResourcesBuildPhase;
			buildActionMask = 2147483647;
			files = (
				F0A795BE22A8466800E204DA /* userModelData.json in Resources */,
				F0A7959B22A8293F00E204DA /* LaunchScreen.storyboard in Resources */,
				F0A7959822A8293F00E204DA /* Preview Assets.xcassets in Resources */,
				F0047A6F22A95C60004133EC /* coursesModelData.json in Resources */,
				F0A7959522A8293F00E204DA /* Assets.xcassets in Resources */,
			);
			runOnlyForDeploymentPostprocessing = 0;
		};
/* End PBXResourcesBuildPhase section */

/* Begin PBXSourcesBuildPhase section */
		F0A7958722A8293E00E204DA /* Sources */ = {
			isa = PBXSourcesBuildPhase;
			buildActionMask = 2147483647;
			files = (
				F0A7958F22A8293E00E204DA /* AppDelegate.swift in Sources */,
				F0CEBD2722A912370013FF56 /* FriendsList.swift in Sources */,
				F0A795C522A8473100E204DA /* UserResponse.swift in Sources */,
				F072A5F622A9D7EF004C20E6 /* WebinarItem.swift in Sources */,
				F0CEBD2222A90E610013FF56 /* CategoryRow.swift in Sources */,
				F0CEBD2C22A91F3A0013FF56 /* TopElements.swift in Sources */,
				F0A795A822A8432400E204DA /* Data.swift in Sources */,
				F0CEBD2522A9102F0013FF56 /* CategoryItem.swift in Sources */,
				F0A7959122A8293E00E204DA /* SceneDelegate.swift in Sources */,
				F0A795A522A841C500E204DA /* Cell.swift in Sources */,
				F0A795A322A83EF500E204DA /* TopView.swift in Sources */,
				F0A7959322A8293E00E204DA /* CategoryHome.swift in Sources */,
				F072A5F422A9D539004C20E6 /* WebinarRow.swift in Sources */,
			);
			runOnlyForDeploymentPostprocessing = 0;
		};
/* End PBXSourcesBuildPhase section */

/* Begin PBXVariantGroup section */
		F0A7959922A8293F00E204DA /* LaunchScreen.storyboard */ = {
			isa = PBXVariantGroup;
			children = (
				F0A7959A22A8293F00E204DA /* Base */,
			);
			name = LaunchScreen.storyboard;
			sourceTree = "<group>";
		};
/* End PBXVariantGroup section */

/* Begin XCBuildConfiguration section */
		F0A7959D22A8293F00E204DA /* Debug */ = {
			isa = XCBuildConfiguration;
			buildSettings = {
				ALWAYS_SEARCH_USER_PATHS = NO;
				CLANG_ANALYZER_NONNULL = YES;
				CLANG_ANALYZER_NUMBER_OBJECT_CONVERSION = YES_AGGRESSIVE;
				CLANG_CXX_LANGUAGE_STANDARD = "gnu++14";
				CLANG_CXX_LIBRARY = "libc++";
				CLANG_ENABLE_MODULES = YES;
				CLANG_ENABLE_OBJC_ARC = YES;
				CLANG_ENABLE_OBJC_WEAK = YES;
				CLANG_WARN_BLOCK_CAPTURE_AUTORELEASING = YES;
				CLANG_WARN_BOOL_CONVERSION = YES;
				CLANG_WARN_COMMA = YES;
				CLANG_WARN_CONSTANT_CONVERSION = YES;
				CLANG_WARN_DEPRECATED_OBJC_IMPLEMENTATIONS = YES;
				CLANG_WARN_DIRECT_OBJC_ISA_USAGE = YES_ERROR;
				CLANG_WARN_DOCUMENTATION_COMMENTS = YES;
				CLANG_WARN_EMPTY_BODY = YES;
				CLANG_WARN_ENUM_CONVERSION = YES;
				CLANG_WARN_INFINITE_RECURSION = YES;
				CLANG_WARN_INT_CONVERSION = YES;
				CLANG_WARN_NON_LITERAL_NULL_CONVERSION = YES;
				CLANG_WARN_OBJC_IMPLICIT_RETAIN_SELF = YES;
				CLANG_WARN_OBJC_LITERAL_CONVERSION = YES;
				CLANG_WARN_OBJC_ROOT_CLASS = YES_ERROR;
				CLANG_WARN_RANGE_LOOP_ANALYSIS = YES;
				CLANG_WARN_STRICT_PROTOTYPES = YES;
				CLANG_WARN_SUSPICIOUS_MOVE = YES;
				CLANG_WARN_UNGUARDED_AVAILABILITY = YES_AGGRESSIVE;
				CLANG_WARN_UNREACHABLE_CODE = YES;
				CLANG_WARN__DUPLICATE_METHOD_MATCH = YES;
				COPY_PHASE_STRIP = NO;
				DEBUG_INFORMATION_FORMAT = dwarf;
				ENABLE_STRICT_OBJC_MSGSEND = YES;
				ENABLE_TESTABILITY = YES;
				GCC_C_LANGUAGE_STANDARD = gnu11;
				GCC_DYNAMIC_NO_PIC = NO;
				GCC_NO_COMMON_BLOCKS = YES;
				GCC_OPTIMIZATION_LEVEL = 0;
				GCC_PREPROCESSOR_DEFINITIONS = (
					"DEBUG=1",
					"$(inherited)",
				);
				GCC_WARN_64_TO_32_BIT_CONVERSION = YES;
				GCC_WARN_ABOUT_RETURN_TYPE = YES_ERROR;
				GCC_WARN_UNDECLARED_SELECTOR = YES;
				GCC_WARN_UNINITIALIZED_AUTOS = YES_AGGRESSIVE;
				GCC_WARN_UNUSED_FUNCTION = YES;
				GCC_WARN_UNUSED_VARIABLE = YES;
				IPHONEOS_DEPLOYMENT_TARGET = 13.0;
				MTL_ENABLE_DEBUG_INFO = INCLUDE_SOURCE;
				MTL_FAST_MATH = YES;
				ONLY_ACTIVE_ARCH = YES;
				SDKROOT = iphoneos;
				SWIFT_ACTIVE_COMPILATION_CONDITIONS = DEBUG;
				SWIFT_OPTIMIZATION_LEVEL = "-Onone";
			};
			name = Debug;
		};
		F0A7959E22A8293F00E204DA /* Release */ = {
			isa = XCBuildConfiguration;
			buildSettings = {
				ALWAYS_SEARCH_USER_PATHS = NO;
				CLANG_ANALYZER_NONNULL = YES;
				CLANG_ANALYZER_NUMBER_OBJECT_CONVERSION = YES_AGGRESSIVE;
				CLANG_CXX_LANGUAGE_STANDARD = "gnu++14";
				CLANG_CXX_LIBRARY = "libc++";
				CLANG_ENABLE_MODULES = YES;
				CLANG_ENABLE_OBJC_ARC = YES;
				CLANG_ENABLE_OBJC_WEAK = YES;
				CLANG_WARN_BLOCK_CAPTURE_AUTORELEASING = YES;
				CLANG_WARN_BOOL_CONVERSION = YES;
				CLANG_WARN_COMMA = YES;
				CLANG_WARN_CONSTANT_CONVERSION = YES;
				CLANG_WARN_DEPRECATED_OBJC_IMPLEMENTATIONS = YES;
				CLANG_WARN_DIRECT_OBJC_ISA_USAGE = YES_ERROR;
				CLANG_WARN_DOCUMENTATION_COMMENTS = YES;
				CLANG_WARN_EMPTY_BODY = YES;
				CLANG_WARN_ENUM_CONVERSION = YES;
				CLANG_WARN_INFINITE_RECURSION = YES;
				CLANG_WARN_INT_CONVERSION = YES;
				CLANG_WARN_NON_LITERAL_NULL_CONVERSION = YES;
				CLANG_WARN_OBJC_IMPLICIT_RETAIN_SELF = YES;
				CLANG_WARN_OBJC_LITERAL_CONVERSION = YES;
				CLANG_WARN_OBJC_ROOT_CLASS = YES_ERROR;
				CLANG_WARN_RANGE_LOOP_ANALYSIS = YES;
				CLANG_WARN_STRICT_PROTOTYPES = YES;
				CLANG_WARN_SUSPICIOUS_MOVE = YES;
				CLANG_WARN_UNGUARDED_AVAILABILITY = YES_AGGRESSIVE;
				CLANG_WARN_UNREACHABLE_CODE = YES;
				CLANG_WARN__DUPLICATE_METHOD_MATCH = YES;
				COPY_PHASE_STRIP = NO;
				DEBUG_INFORMATION_FORMAT = "dwarf-with-dsym";
				ENABLE_NS_ASSERTIONS = NO;
				ENABLE_STRICT_OBJC_MSGSEND = YES;
				GCC_C_LANGUAGE_STANDARD = gnu11;
				GCC_NO_COMMON_BLOCKS = YES;
				GCC_WARN_64_TO_32_BIT_CONVERSION = YES;
				GCC_WARN_ABOUT_RETURN_TYPE = YES_ERROR;
				GCC_WARN_UNDECLARED_SELECTOR = YES;
				GCC_WARN_UNINITIALIZED_AUTOS = YES_AGGRESSIVE;
				GCC_WARN_UNUSED_FUNCTION = YES;
				GCC_WARN_UNUSED_VARIABLE = YES;
				IPHONEOS_DEPLOYMENT_TARGET = 13.0;
				MTL_ENABLE_DEBUG_INFO = NO;
				MTL_FAST_MATH = YES;
				SDKROOT = iphoneos;
				SWIFT_COMPILATION_MODE = wholemodule;
				SWIFT_OPTIMIZATION_LEVEL = "-O";
				VALIDATE_PRODUCT = YES;
			};
			name = Release;
		};
		F0A795A022A8293F00E204DA /* Debug */ = {
			isa = XCBuildConfiguration;
			buildSettings = {
				ASSETCATALOG_COMPILER_APPICON_NAME = AppIcon;
				CODE_SIGN_STYLE = Automatic;
				DEVELOPMENT_ASSET_PATHS = "SwiftUIFirstDemo/Preview\\ Content";
				DEVELOPMENT_TEAM = TSZQ4D456H;
				ENABLE_PREVIEWS = YES;
				INFOPLIST_FILE = SwiftUIFirstDemo/Info.plist;
				LD_RUNPATH_SEARCH_PATHS = (
					"$(inherited)",
					"@executable_path/Frameworks",
				);
				PRODUCT_BUNDLE_IDENTIFIER = com.alexeyParkhomenko.SwiftUIFirstDemo;
				PRODUCT_NAME = "$(TARGET_NAME)";
				SWIFT_VERSION = 5.0;
				TARGETED_DEVICE_FAMILY = "1,2";
			};
			name = Debug;
		};
		F0A795A122A8293F00E204DA /* Release */ = {
			isa = XCBuildConfiguration;
			buildSettings = {
				ASSETCATALOG_COMPILER_APPICON_NAME = AppIcon;
				CODE_SIGN_STYLE = Automatic;
				DEVELOPMENT_ASSET_PATHS = "SwiftUIFirstDemo/Preview\\ Content";
				DEVELOPMENT_TEAM = TSZQ4D456H;
				ENABLE_PREVIEWS = YES;
				INFOPLIST_FILE = SwiftUIFirstDemo/Info.plist;
				LD_RUNPATH_SEARCH_PATHS = (
					"$(inherited)",
					"@executable_path/Frameworks",
				);
				PRODUCT_BUNDLE_IDENTIFIER = com.alexeyParkhomenko.SwiftUIFirstDemo;
				PRODUCT_NAME = "$(TARGET_NAME)";
				SWIFT_VERSION = 5.0;
				TARGETED_DEVICE_FAMILY = "1,2";
			};
			name = Release;
		};
/* End XCBuildConfiguration section */

/* Begin XCConfigurationList section */
		F0A7958622A8293E00E204DA /* Build configuration list for PBXProject "SwiftUIFirstDemo" */ = {
			isa = XCConfigurationList;
			buildConfigurations = (
				F0A7959D22A8293F00E204DA /* Debug */,
				F0A7959E22A8293F00E204DA /* Release */,
			);
			defaultConfigurationIsVisible = 0;
			defaultConfigurationName = Release;
		};
		F0A7959F22A8293F00E204DA /* Build configuration list for PBXNativeTarget "SwiftUIFirstDemo" */ = {
			isa = XCConfigurationList;
			buildConfigurations = (
				F0A795A022A8293F00E204DA /* Debug */,
				F0A795A122A8293F00E204DA /* Release */,
			);
			defaultConfigurationIsVisible = 0;
			defaultConfigurationName = Release;
		};
/* End XCConfigurationList section */
	};
	rootObject = F0A7958322A8293E00E204DA /* Project object */;
}
